
Microsoft Visual Studio Solution File, Format Version 12.00
# Visual Studio 15
VisualStudioVersion = 15.0.28307.1062
MinimumVisualStudioVersion = 10.0.40219.1
Project("{FAE04EC0-301F-11D3-BF4B-00C04F79EFBC}") = "CovidCadastro", "CovidCadastro\CovidCadastro.csproj", "{3D8973E0-8696-4928-AFCE-26387714FF18}"
EndProject
Global
	GlobalSection(SolutionConfigurationPlatforms) = preSolution
		Debug|Any CPU = Debug|Any CPU
		Release|Any CPU = Release|Any CPU
	EndGlobalSection
	GlobalSection(ProjectConfigurationPlatforms) = postSolution
		{3D8973E0-8696-4928-AFCE-26387714FF18}.Debug|Any CPU.ActiveCfg = Debug|Any CPU
		{3D8973E0-8696-4928-AFCE-26387714FF18}.Debug|Any CPU.Build.0 = Debug|Any CPU
		{3D8973E0-8696-4928-AFCE-26387714FF18}.Release|Any CPU.ActiveCfg = Release|Any CPU
		{3D8973E0-8696-4928-AFCE-26387714FF18}.Release|Any CPU.Build.0 = Release|Any CPU
	EndGlobalSection
	GlobalSection(SolutionProperties) = preSolution
		HideSolutionNode = FALSE
	EndGlobalSection
	GlobalSection(ExtensibilityGlobals) = postSolution
		SolutionGuid = {DEE652ED-8697-4A6A-A26E-BA46D5175ADD}
	EndGlobalSection
EndGlobal
